# THIS IS AN AUTOGENERATED FILE. DO NOT EDIT THIS FILE DIRECTLY.
# yarn lockfile v1


dir-to-json@^0.0.3:
  version "0.0.3"
  resolved "https://registry.yarnpkg.com/dir-to-json/-/dir-to-json-0.0.3.tgz#54a8e81a570eb129fe4c3d80f7012f4d357fe731"
  integrity sha1-VKjoGlcOsSn+TD2A9wEvTTV/5zE=
  dependencies:
    q "^1.0.1"

q@^1.0.1:
  version "1.5.1"
  resolved "https://registry.yarnpkg.com/q/-/q-1.5.1.tgz#7e32f75b41381291d04611f1bf14109ac00651d7"
  integrity sha1-fjL3W0E4EpHQRhHxvxQQmsAGUdc=
